
Microsoft Visual Studio Solution File, Format Version 12.00
# Visual Studio Version 16
VisualStudioVersion = 16.0.29519.181
MinimumVisualStudioVersion = 10.0.40219.1
Project("{FAE04EC0-301F-11D3-BF4B-00C04F79EFBC}") = "secret-santa-sharp", "secret-santa-sharp\secret-santa-sharp.csproj", "{75C14AB4-EE0D-4715-9ED1-2B269D5A8399}"
EndProject
Global
	GlobalSection(SolutionConfigurationPlatforms) = preSolution
		Debug|Any CPU = Debug|Any CPU
		Release|Any CPU = Release|Any CPU
	EndGlobalSection
	GlobalSection(ProjectConfigurationPlatforms) = postSolution
		{75C14AB4-EE0D-4715-9ED1-2B269D5A8399}.Debug|Any CPU.ActiveCfg = Debug|Any CPU
		{75C14AB4-EE0D-4715-9ED1-2B269D5A8399}.Debug|Any CPU.Build.0 = Debug|Any CPU
		{75C14AB4-EE0D-4715-9ED1-2B269D5A8399}.Release|Any CPU.ActiveCfg = Release|Any CPU
		{75C14AB4-EE0D-4715-9ED1-2B269D5A8399}.Release|Any CPU.Build.0 = Release|Any CPU
	EndGlobalSection
	GlobalSection(SolutionProperties) = preSolution
		HideSolutionNode = FALSE
	EndGlobalSection
	GlobalSection(ExtensibilityGlobals) = postSolution
		SolutionGuid = {B7FEF1B9-810F-4457-B5C2-F86A72E242A1}
	EndGlobalSection
EndGlobal
